
Microsoft Visual Studio Solution File, Format Version 12.00
# Visual Studio Version 17
VisualStudioVersion = 17.1.32210.238
MinimumVisualStudioVersion = 10.0.40219.1
Project("{FAE04EC0-301F-11D3-BF4B-00C04F79EFBC}") = "CrystalStore", "CrystalStore\CrystalStore.csproj", "{F59A2A43-0430-427E-827B-1BC330C46444}"
EndProject
Global
	GlobalSection(SolutionConfigurationPlatforms) = preSolution
		Debug|Any CPU = Debug|Any CPU
		Release|Any CPU = Release|Any CPU
	EndGlobalSection
	GlobalSection(ProjectConfigurationPlatforms) = postSolution
		{F59A2A43-0430-427E-827B-1BC330C46444}.Debug|Any CPU.ActiveCfg = Debug|Any CPU
		{F59A2A43-0430-427E-827B-1BC330C46444}.Debug|Any CPU.Build.0 = Debug|Any CPU
		{F59A2A43-0430-427E-827B-1BC330C46444}.Release|Any CPU.ActiveCfg = Release|Any CPU
		{F59A2A43-0430-427E-827B-1BC330C46444}.Release|Any CPU.Build.0 = Release|Any CPU
	EndGlobalSection
	GlobalSection(SolutionProperties) = preSolution
		HideSolutionNode = FALSE
	EndGlobalSection
	GlobalSection(ExtensibilityGlobals) = postSolution
		SolutionGuid = {11BD5A5E-91CD-4BF6-9952-36C0CD2BBBFA}
	EndGlobalSection
EndGlobal
